// !$*UTF8*$!
{
	archiveVersion = 1;
	classes = {
	};
	objectVersion = 50;
	objects = {

/* Begin PBXBuildFile section */
		430CE6A122C45CC2006EB0CD /* MapViewController.swift in Sources */ = {isa = PBXBuildFile; fileRef = 430CE6A022C45CC2006EB0CD /* MapViewController.swift */; };
		71F4C1985F1BC49F07E5AC1D /* Pods_KeepAccounts.framework in Frameworks */ = {isa = PBXBuildFile; fileRef = A736988DB78244EFB0871CC7 /* Pods_KeepAccounts.framework */; };
		8DD77F3B22BDFA9400768106 /* AppDelegate.swift in Sources */ = {isa = PBXBuildFile; fileRef = 8DD77F3A22BDFA9400768106 /* AppDelegate.swift */; };
		8DD77F3D22BDFA9400768106 /* ViewController.swift in Sources */ = {isa = PBXBuildFile; fileRef = 8DD77F3C22BDFA9400768106 /* ViewController.swift */; };
		8DD77F4022BDFA9400768106 /* Main.storyboard in Resources */ = {isa = PBXBuildFile; fileRef = 8DD77F3E22BDFA9400768106 /* Main.storyboard */; };
		8DD77F4222BDFA9400768106 /* Assets.xcassets in Resources */ = {isa = PBXBuildFile; fileRef = 8DD77F4122BDFA9400768106 /* Assets.xcassets */; };
		8DD77F4522BDFA9400768106 /* LaunchScreen.storyboard in Resources */ = {isa = PBXBuildFile; fileRef = 8DD77F4322BDFA9400768106 /* LaunchScreen.storyboard */; };
		8DD77F5022BDFD6D00768106 /* DateHeader.swift in Sources */ = {isa = PBXBuildFile; fileRef = 8DD77F4C22BDFD6C00768106 /* DateHeader.swift */; };
		8DD77F5122BDFD6D00768106 /* FormViewController.swift in Sources */ = {isa = PBXBuildFile; fileRef = 8DD77F4D22BDFD6D00768106 /* FormViewController.swift */; };
		8DD77F5222BDFD6D00768106 /* DateCell.swift in Sources */ = {isa = PBXBuildFile; fileRef = 8DD77F4E22BDFD6D00768106 /* DateCell.swift */; };
		8DD77F5522BE0CFC00768106 /* DataCell.swift in Sources */ = {isa = PBXBuildFile; fileRef = 8DD77F5422BE0CFC00768106 /* DataCell.swift */; };
		8DD77F5722BE0F2D00768106 /* Data.swift in Sources */ = {isa = PBXBuildFile; fileRef = 8DD77F5622BE0F2D00768106 /* Data.swift */; };
/* End PBXBuildFile section */

/* Begin PBXFileReference section */
		430CE6A022C45CC2006EB0CD /* MapViewController.swift */ = {isa = PBXFileReference; lastKnownFileType = sourcecode.swift; path = MapViewController.swift; sourceTree = "<group>"; };
		8DD77F3722BDFA9400768106 /* KeepAccounts.app */ = {isa = PBXFileReference; explicitFileType = wrapper.application; includeInIndex = 0; path = KeepAccounts.app; sourceTree = BUILT_PRODUCTS_DIR; };
		8DD77F3A22BDFA9400768106 /* AppDelegate.swift */ = {isa = PBXFileReference; lastKnownFileType = sourcecode.swift; path = AppDelegate.swift; sourceTree = "<group>"; };
		8DD77F3C22BDFA9400768106 /* ViewController.swift */ = {isa = PBXFileReference; lastKnownFileType = sourcecode.swift; path = ViewController.swift; sourceTree = "<group>"; };
		8DD77F3F22BDFA9400768106 /* Base */ = {isa = PBXFileReference; lastKnownFileType = file.storyboard; name = Base; path = Base.lproj/Main.storyboard; sourceTree = "<group>"; };
		8DD77F4122BDFA9400768106 /* Assets.xcassets */ = {isa = PBXFileReference; lastKnownFileType = folder.assetcatalog; path = Assets.xcassets; sourceTree = "<group>"; };
		8DD77F4422BDFA9400768106 /* Base */ = {isa = PBXFileReference; lastKnownFileType = file.storyboard; name = Base; path = Base.lproj/LaunchScreen.storyboard; sourceTree = "<group>"; };
		8DD77F4622BDFA9400768106 /* Info.plist */ = {isa = PBXFileReference; lastKnownFileType = text.plist.xml; path = Info.plist; sourceTree = "<group>"; };
		8DD77F4C22BDFD6C00768106 /* DateHeader.swift */ = {isa = PBXFileReference; fileEncoding = 4; lastKnownFileType = sourcecode.swift; path = DateHeader.swift; sourceTree = "<group>"; };
		8DD77F4D22BDFD6D00768106 /* FormViewController.swift */ = {isa = PBXFileReference; fileEncoding = 4; lastKnownFileType = sourcecode.swift; path = FormViewController.swift; sourceTree = "<group>"; };
		8DD77F4E22BDFD6D00768106 /* DateCell.swift */ = {isa = PBXFileReference; fileEncoding = 4; lastKnownFileType = sourcecode.swift; path = DateCell.swift; sourceTree = "<group>"; };
		8DD77F5422BE0CFC00768106 /* DataCell.swift */ = {isa = PBXFileReference; lastKnownFileType = sourcecode.swift; path = DataCell.swift; sourceTree = "<group>"; };
		8DD77F5622BE0F2D00768106 /* Data.swift */ = {isa = PBXFileReference; lastKnownFileType = sourcecode.swift; path = Data.swift; sourceTree = "<group>"; };
		A736988DB78244EFB0871CC7 /* Pods_KeepAccounts.framework */ = {isa = PBXFileReference; explicitFileType = wrapper.framework; includeInIndex = 0; path = Pods_KeepAccounts.framework; sourceTree = BUILT_PRODUCTS_DIR; };
		B5E5F54EEAD9D057882EF30C /* Pods-KeepAccounts.release.xcconfig */ = {isa = PBXFileReference; includeInIndex = 1; lastKnownFileType = text.xcconfig; name = "Pods-KeepAccounts.release.xcconfig"; path = "Target Support Files/Pods-KeepAccounts/Pods-KeepAccounts.release.xcconfig"; sourceTree = "<group>"; };
		DD59EA9F46224E82F584318B /* Pods-KeepAccounts.debug.xcconfig */ = {isa = PBXFileReference; includeInIndex = 1; lastKnownFileType = text.xcconfig; name = "Pods-KeepAccounts.debug.xcconfig"; path = "Target Support Files/Pods-KeepAccounts/Pods-KeepAccounts.debug.xcconfig"; sourceTree = "<group>"; };
/* End PBXFileReference section */

/* Begin PBXFrameworksBuildPhase section */
		8DD77F3422BDFA9400768106 /* Frameworks */ = {
			isa = PBXFrameworksBuildPhase;
			buildActionMask = 2147483647;
			files = (
				71F4C1985F1BC49F07E5AC1D /* Pods_KeepAccounts.framework in Frameworks */,
			);
			runOnlyForDeploymentPostprocessing = 0;
		};
/* End PBXFrameworksBuildPhase section */

/* Begin PBXGroup section */
		1F33998A03EBB46A2866795A /* Pods */ = {
			isa = PBXGroup;
			children = (
				DD59EA9F46224E82F584318B /* Pods-KeepAccounts.debug.xcconfig */,
				B5E5F54EEAD9D057882EF30C /* Pods-KeepAccounts.release.xcconfig */,
			);
			path = Pods;
			sourceTree = "<group>";
		};
		8DD77F2E22BDFA9400768106 = {
			isa = PBXGroup;
			children = (
				8DD77F3922BDFA9400768106 /* KeepAccounts */,
				8DD77F3822BDFA9400768106 /* Products */,
				1F33998A03EBB46A2866795A /* Pods */,
				F16C4478EAD0AC28B75BEEDE /* Frameworks */,
			);
			sourceTree = "<group>";
		};
		8DD77F3822BDFA9400768106 /* Products */ = {
			isa = PBXGroup;
			children = (
				8DD77F3722BDFA9400768106 /* KeepAccounts.app */,
			);
			name = Products;
			sourceTree = "<group>";
		};
		8DD77F3922BDFA9400768106 /* KeepAccounts */ = {
			isa = PBXGroup;
			children = (
				8DD77F4E22BDFD6D00768106 /* DateCell.swift */,
				8DD77F4C22BDFD6C00768106 /* DateHeader.swift */,
				8DD77F4D22BDFD6D00768106 /* FormViewController.swift */,
				8DD77F3A22BDFA9400768106 /* AppDelegate.swift */,
				8DD77F3C22BDFA9400768106 /* ViewController.swift */,
				8DD77F3E22BDFA9400768106 /* Main.storyboard */,
				430CE6A022C45CC2006EB0CD /* MapViewController.swift */,
				8DD77F4122BDFA9400768106 /* Assets.xcassets */,
				8DD77F4322BDFA9400768106 /* LaunchScreen.storyboard */,
				8DD77F4622BDFA9400768106 /* Info.plist */,
				8DD77F5422BE0CFC00768106 /* DataCell.swift */,
				8DD77F5622BE0F2D00768106 /* Data.swift */,
			);
			path = KeepAccounts;
			sourceTree = "<group>";
		};
		F16C4478EAD0AC28B75BEEDE /* Frameworks */ = {
			isa = PBXGroup;
			children = (
				A736988DB78244EFB0871CC7 /* Pods_KeepAccounts.framework */,
			);
			name = Frameworks;
			sourceTree = "<group>";
		};
/* End PBXGroup section */

/* Begin PBXNativeTarget section */
		8DD77F3622BDFA9400768106 /* KeepAccounts */ = {
			isa = PBXNativeTarget;
			buildConfigurationList = 8DD77F4922BDFA9400768106 /* Build configuration list for PBXNativeTarget "KeepAccounts" */;
			buildPhases = (
				8BD2DD3D4AF116A861B64CDB /* [CP] Check Pods Manifest.lock */,
				8DD77F3322BDFA9400768106 /* Sources */,
				8DD77F3422BDFA9400768106 /* Frameworks */,
				8DD77F3522BDFA9400768106 /* Resources */,
				875B9045A6CCF416789964C0 /* [CP] Embed Pods Frameworks */,
			);
			buildRules = (
			);
			dependencies = (
			);
			name = KeepAccounts;
			productName = KeepAccounts;
			productReference = 8DD77F3722BDFA9400768106 /* KeepAccounts.app */;
			productType = "com.apple.product-type.application";
		};
/* End PBXNativeTarget section */

/* Begin PBXProject section */
		8DD77F2F22BDFA9400768106 /* Project object */ = {
			isa = PBXProject;
			attributes = {
				LastSwiftUpdateCheck = 1020;
				LastUpgradeCheck = 1020;
				ORGANIZATIONNAME = TingKai;
				TargetAttributes = {
					8DD77F3622BDFA9400768106 = {
						CreatedOnToolsVersion = 10.2.1;
					};
				};
			};
			buildConfigurationList = 8DD77F3222BDFA9400768106 /* Build configuration list for PBXProject "KeepAccounts" */;
			compatibilityVersion = "Xcode 9.3";
			developmentRegion = en;
			hasScannedForEncodings = 0;
			knownRegions = (
				en,
				Base,
			);
			mainGroup = 8DD77F2E22BDFA9400768106;
			productRefGroup = 8DD77F3822BDFA9400768106 /* Products */;
			projectDirPath = "";
			projectRoot = "";
			targets = (
				8DD77F3622BDFA9400768106 /* KeepAccounts */,
			);
		};
/* End PBXProject section */

/* Begin PBXResourcesBuildPhase section */
		8DD77F3522BDFA9400768106 /* Resources */ = {
			isa = PBXResourcesBuildPhase;
			buildActionMask = 2147483647;
			files = (
				8DD77F4522BDFA9400768106 /* LaunchScreen.storyboard in Resources */,
				8DD77F4222BDFA9400768106 /* Assets.xcassets in Resources */,
				8DD77F4022BDFA9400768106 /* Main.storyboard in Resources */,
			);
			runOnlyForDeploymentPostprocessing = 0;
		};
/* End PBXResourcesBuildPhase section */

/* Begin PBXShellScriptBuildPhase section */
		875B9045A6CCF416789964C0 /* [CP] Embed Pods Frameworks */ = {
			isa = PBXShellScriptBuildPhase;
			buildActionMask = 2147483647;
			files = (
			);
			inputFileListPaths = (
			);
			inputPaths = (
				"${PODS_ROOT}/Target Support Files/Pods-KeepAccounts/Pods-KeepAccounts-frameworks.sh",
				"${BUILT_PRODUCTS_DIR}/JTAppleCalendar/JTAppleCalendar.framework",
			);
			name = "[CP] Embed Pods Frameworks";
			outputFileListPaths = (
			);
			outputPaths = (
				"${TARGET_BUILD_DIR}/${FRAMEWORKS_FOLDER_PATH}/JTAppleCalendar.framework",
			);
			runOnlyForDeploymentPostprocessing = 0;
			shellPath = /bin/sh;
			shellScript = "\"${PODS_ROOT}/Target Support Files/Pods-KeepAccounts/Pods-KeepAccounts-frameworks.sh\"\n";
			showEnvVarsInLog = 0;
		};
		8BD2DD3D4AF116A861B64CDB /* [CP] Check Pods Manifest.lock */ = {
			isa = PBXShellScriptBuildPhase;
			buildActionMask = 2147483647;
			files = (
			);
			inputFileListPaths = (
			);
			inputPaths = (
				"${PODS_PODFILE_DIR_PATH}/Podfile.lock",
				"${PODS_ROOT}/Manifest.lock",
			);
			name = "[CP] Check Pods Manifest.lock";
			outputFileListPaths = (
			);
			outputPaths = (
				"$(DERIVED_FILE_DIR)/Pods-KeepAccounts-checkManifestLockResult.txt",
			);
			runOnlyForDeploymentPostprocessing = 0;
			shellPath = /bin/sh;
			shellScript = "diff \"${PODS_PODFILE_DIR_PATH}/Podfile.lock\" \"${PODS_ROOT}/Manifest.lock\" > /dev/null\nif [ $? != 0 ] ; then\n    # print error to STDERR\n    echo \"error: The sandbox is not in sync with the Podfile.lock. Run 'pod install' or update your CocoaPods installation.\" >&2\n    exit 1\nfi\n# This output is used by Xcode 'outputs' to avoid re-running this script phase.\necho \"SUCCESS\" > \"${SCRIPT_OUTPUT_FILE_0}\"\n";
			showEnvVarsInLog = 0;
		};
/* End PBXShellScriptBuildPhase section */

/* Begin PBXSourcesBuildPhase section */
		8DD77F3322BDFA9400768106 /* Sources */ = {
			isa = PBXSourcesBuildPhase;
			buildActionMask = 2147483647;
			files = (
				8DD77F5722BE0F2D00768106 /* Data.swift in Sources */,
				8DD77F5022BDFD6D00768106 /* DateHeader.swift in Sources */,
				8DD77F5522BE0CFC00768106 /* DataCell.swift in Sources */,
				8DD77F5222BDFD6D00768106 /* DateCell.swift in Sources */,
				8DD77F3D22BDFA9400768106 /* ViewController.swift in Sources */,
				8DD77F5122BDFD6D00768106 /* FormViewController.swift in Sources */,
				8DD77F3B22BDFA9400768106 /* AppDelegate.swift in Sources */,
				430CE6A122C45CC2006EB0CD /* MapViewController.swift in Sources */,
			);
			runOnlyForDeploymentPostprocessing = 0;
		};
/* End PBXSourcesBuildPhase section */

/* Begin PBXVariantGroup section */
		8DD77F3E22BDFA9400768106 /* Main.storyboard */ = {
			isa = PBXVariantGroup;
			children = (
				8DD77F3F22BDFA9400768106 /* Base */,
			);
			name = Main.storyboard;
			sourceTree = "<group>";
		};
		8DD77F4322BDFA9400768106 /* LaunchScreen.storyboard */ = {
			isa = PBXVariantGroup;
			children = (
				8DD77F4422BDFA9400768106 /* Base */,
			);
			name = LaunchScreen.storyboard;
			sourceTree = "<group>";
		};
/* End PBXVariantGroup section */

/* Begin XCBuildConfiguration section */
		8DD77F4722BDFA9400768106 /* Debug */ = {
			isa = XCBuildConfiguration;
			buildSettings = {
				ALWAYS_SEARCH_USER_PATHS = NO;
				CLANG_ANALYZER_NONNULL = YES;
				CLANG_ANALYZER_NUMBER_OBJECT_CONVERSION = YES_AGGRESSIVE;
				CLANG_CXX_LANGUAGE_STANDARD = "gnu++14";
				CLANG_CXX_LIBRARY = "libc++";
				CLANG_ENABLE_MODULES = YES;
				CLANG_ENABLE_OBJC_ARC = YES;
				CLANG_ENABLE_OBJC_WEAK = YES;
				CLANG_WARN_BLOCK_CAPTURE_AUTORELEASING = YES;
				CLANG_WARN_BOOL_CONVERSION = YES;
				CLANG_WARN_COMMA = YES;
				CLANG_WARN_CONSTANT_CONVERSION = YES;
				CLANG_WARN_DEPRECATED_OBJC_IMPLEMENTATIONS = YES;
				CLANG_WARN_DIRECT_OBJC_ISA_USAGE = YES_ERROR;
				CLANG_WARN_DOCUMENTATION_COMMENTS = YES;
				CLANG_WARN_EMPTY_BODY = YES;
				CLANG_WARN_ENUM_CONVERSION = YES;
				CLANG_WARN_INFINITE_RECURSION = YES;
				CLANG_WARN_INT_CONVERSION = YES;
				CLANG_WARN_NON_LITERAL_NULL_CONVERSION = YES;
				CLANG_WARN_OBJC_IMPLICIT_RETAIN_SELF = YES;
				CLANG_WARN_OBJC_LITERAL_CONVERSION = YES;
				CLANG_WARN_OBJC_ROOT_CLASS = YES_ERROR;
				CLANG_WARN_RANGE_LOOP_ANALYSIS = YES;
				CLANG_WARN_STRICT_PROTOTYPES = YES;
				CLANG_WARN_SUSPICIOUS_MOVE = YES;
				CLANG_WARN_UNGUARDED_AVAILABILITY = YES_AGGRESSIVE;
				CLANG_WARN_UNREACHABLE_CODE = YES;
				CLANG_WARN__DUPLICATE_METHOD_MATCH = YES;
				CODE_SIGN_IDENTITY = "iPhone Developer";
				COPY_PHASE_STRIP = NO;
				DEBUG_INFORMATION_FORMAT = dwarf;
				ENABLE_STRICT_OBJC_MSGSEND = YES;
				ENABLE_TESTABILITY = YES;
				GCC_C_LANGUAGE_STANDARD = gnu11;
				GCC_DYNAMIC_NO_PIC = NO;
				GCC_NO_COMMON_BLOCKS = YES;
				GCC_OPTIMIZATION_LEVEL = 0;
				GCC_PREPROCESSOR_DEFINITIONS = (
					"DEBUG=1",
					"$(inherited)",
				);
				GCC_WARN_64_TO_32_BIT_CONVERSION = YES;
				GCC_WARN_ABOUT_RETURN_TYPE = YES_ERROR;
				GCC_WARN_UNDECLARED_SELECTOR = YES;
				GCC_WARN_UNINITIALIZED_AUTOS = YES_AGGRESSIVE;
				GCC_WARN_UNUSED_FUNCTION = YES;
				GCC_WARN_UNUSED_VARIABLE = YES;
				IPHONEOS_DEPLOYMENT_TARGET = 12.2;
				MTL_ENABLE_DEBUG_INFO = INCLUDE_SOURCE;
				MTL_FAST_MATH = YES;
				ONLY_ACTIVE_ARCH = YES;
				SDKROOT = iphoneos;
				SWIFT_ACTIVE_COMPILATION_CONDITIONS = DEBUG;
				SWIFT_OPTIMIZATION_LEVEL = "-Onone";
			};
			name = Debug;
		};
		8DD77F4822BDFA9400768106 /* Release */ = {
			isa = XCBuildConfiguration;
			buildSettings = {
				ALWAYS_SEARCH_USER_PATHS = NO;
				CLANG_ANALYZER_NONNULL = YES;
				CLANG_ANALYZER_NUMBER_OBJECT_CONVERSION = YES_AGGRESSIVE;
				CLANG_CXX_LANGUAGE_STANDARD = "gnu++14";
				CLANG_CXX_LIBRARY = "libc++";
				CLANG_ENABLE_MODULES = YES;
				CLANG_ENABLE_OBJC_ARC = YES;
				CLANG_ENABLE_OBJC_WEAK = YES;
				CLANG_WARN_BLOCK_CAPTURE_AUTORELEASING = YES;
				CLANG_WARN_BOOL_CONVERSION = YES;
				CLANG_WARN_COMMA = YES;
				CLANG_WARN_CONSTANT_CONVERSION = YES;
				CLANG_WARN_DEPRECATED_OBJC_IMPLEMENTATIONS = YES;
				CLANG_WARN_DIRECT_OBJC_ISA_USAGE = YES_ERROR;
				CLANG_WARN_DOCUMENTATION_COMMENTS = YES;
				CLANG_WARN_EMPTY_BODY = YES;
				CLANG_WARN_ENUM_CONVERSION = YES;
				CLANG_WARN_INFINITE_RECURSION = YES;
				CLANG_WARN_INT_CONVERSION = YES;
				CLANG_WARN_NON_LITERAL_NULL_CONVERSION = YES;
				CLANG_WARN_OBJC_IMPLICIT_RETAIN_SELF = YES;
				CLANG_WARN_OBJC_LITERAL_CONVERSION = YES;
				CLANG_WARN_OBJC_ROOT_CLASS = YES_ERROR;
				CLANG_WARN_RANGE_LOOP_ANALYSIS = YES;
				CLANG_WARN_STRICT_PROTOTYPES = YES;
				CLANG_WARN_SUSPICIOUS_MOVE = YES;
				CLANG_WARN_UNGUARDED_AVAILABILITY = YES_AGGRESSIVE;
				CLANG_WARN_UNREACHABLE_CODE = YES;
				CLANG_WARN__DUPLICATE_METHOD_MATCH = YES;
				CODE_SIGN_IDENTITY = "iPhone Developer";
				COPY_PHASE_STRIP = NO;
				DEBUG_INFORMATION_FORMAT = "dwarf-with-dsym";
				ENABLE_NS_ASSERTIONS = NO;
				ENABLE_STRICT_OBJC_MSGSEND = YES;
				GCC_C_LANGUAGE_STANDARD = gnu11;
				GCC_NO_COMMON_BLOCKS = YES;
				GCC_WARN_64_TO_32_BIT_CONVERSION = YES;
				GCC_WARN_ABOUT_RETURN_TYPE = YES_ERROR;
				GCC_WARN_UNDECLARED_SELECTOR = YES;
				GCC_WARN_UNINITIALIZED_AUTOS = YES_AGGRESSIVE;
				GCC_WARN_UNUSED_FUNCTION = YES;
				GCC_WARN_UNUSED_VARIABLE = YES;
				IPHONEOS_DEPLOYMENT_TARGET = 12.2;
				MTL_ENABLE_DEBUG_INFO = NO;
				MTL_FAST_MATH = YES;
				SDKROOT = iphoneos;
				SWIFT_COMPILATION_MODE = wholemodule;
				SWIFT_OPTIMIZATION_LEVEL = "-O";
				VALIDATE_PRODUCT = YES;
			};
			name = Release;
		};
		8DD77F4A22BDFA9400768106 /* Debug */ = {
			isa = XCBuildConfiguration;
			baseConfigurationReference = DD59EA9F46224E82F584318B /* Pods-KeepAccounts.debug.xcconfig */;
			buildSettings = {
				ASSETCATALOG_COMPILER_APPICON_NAME = AppIcon;
				CODE_SIGN_STYLE = Automatic;
				DEVELOPMENT_TEAM = A22P8H2NW2;
				INFOPLIST_FILE = KeepAccounts/Info.plist;
				IPHONEOS_DEPLOYMENT_TARGET = 12.1;
				LD_RUNPATH_SEARCH_PATHS = (
					"$(inherited)",
					"@executable_path/Frameworks",
				);
				PRODUCT_BUNDLE_IDENTIFIER = tw.com.TingKai.KeepAccounts1;
				PRODUCT_NAME = "$(TARGET_NAME)";
				SWIFT_VERSION = 4.2;
				TARGETED_DEVICE_FAMILY = "1,2";
			};
			name = Debug;
		};
		8DD77F4B22BDFA9400768106 /* Release */ = {
			isa = XCBuildConfiguration;
			baseConfigurationReference = B5E5F54EEAD9D057882EF30C /* Pods-KeepAccounts.release.xcconfig */;
			buildSettings = {
				ASSETCATALOG_COMPILER_APPICON_NAME = AppIcon;
				CODE_SIGN_STYLE = Automatic;
				DEVELOPMENT_TEAM = A22P8H2NW2;
				INFOPLIST_FILE = KeepAccounts/Info.plist;
				IPHONEOS_DEPLOYMENT_TARGET = 12.1;
				LD_RUNPATH_SEARCH_PATHS = (
					"$(inherited)",
					"@executable_path/Frameworks",
				);
				PRODUCT_BUNDLE_IDENTIFIER = tw.com.TingKai.KeepAccounts1;
				PRODUCT_NAME = "$(TARGET_NAME)";
				SWIFT_VERSION = 4.2;
				TARGETED_DEVICE_FAMILY = "1,2";
			};
			name = Release;
		};
/* End XCBuildConfiguration section */

/* Begin XCConfigurationList section */
		8DD77F3222BDFA9400768106 /* Build configuration list for PBXProject "KeepAccounts" */ = {
			isa = XCConfigurationList;
			buildConfigurations = (
				8DD77F4722BDFA9400768106 /* Debug */,
				8DD77F4822BDFA9400768106 /* Release */,
			);
			defaultConfigurationIsVisible = 0;
			defaultConfigurationName = Release;
		};
		8DD77F4922BDFA9400768106 /* Build configuration list for PBXNativeTarget "KeepAccounts" */ = {
			isa = XCConfigurationList;
			buildConfigurations = (
				8DD77F4A22BDFA9400768106 /* Debug */,
				8DD77F4B22BDFA9400768106 /* Release */,
			);
			defaultConfigurationIsVisible = 0;
			defaultConfigurationName = Release;
		};
/* End XCConfigurationList section */
	};
	rootObject = 8DD77F2F22BDFA9400768106 /* Project object */;
}
